
Microsoft Visual Studio Solution File, Format Version 12.00
# Visual Studio Version 17
VisualStudioVersion = 17.9.34622.214
MinimumVisualStudioVersion = 10.0.40219.1
Project("{FAE04EC0-301F-11D3-BF4B-00C04F79EFBC}") = "CSharp", "CSharp\CSharp.csproj", "{973CC773-28CE-4FD0-8D00-428B548AC602}"
EndProject
Global
	GlobalSection(SolutionConfigurationPlatforms) = preSolution
		Debug|Any CPU = Debug|Any CPU
		Release|Any CPU = Release|Any CPU
	EndGlobalSection
	GlobalSection(ProjectConfigurationPlatforms) = postSolution
		{973CC773-28CE-4FD0-8D00-428B548AC602}.Debug|Any CPU.ActiveCfg = Debug|Any CPU
		{973CC773-28CE-4FD0-8D00-428B548AC602}.Debug|Any CPU.Build.0 = Debug|Any CPU
		{973CC773-28CE-4FD0-8D00-428B548AC602}.Release|Any CPU.ActiveCfg = Release|Any CPU
		{973CC773-28CE-4FD0-8D00-428B548AC602}.Release|Any CPU.Build.0 = Release|Any CPU
	EndGlobalSection
	GlobalSection(SolutionProperties) = preSolution
		HideSolutionNode = FALSE
	EndGlobalSection
	GlobalSection(ExtensibilityGlobals) = postSolution
		SolutionGuid = {5961EC94-8001-4FBA-9879-78B5C4BE3826}
	EndGlobalSection
EndGlobal
